
Microsoft Visual Studio Solution File, Format Version 12.00
# Visual Studio Version 16
VisualStudioVersion = 16.0.30711.63
MinimumVisualStudioVersion = 10.0.40219.1
Project("{FAE04EC0-301F-11D3-BF4B-00C04F79EFBC}") = "Machine-Problem-IT114L", "Machine-Problem-IT114L.csproj", "{A3B650DB-4FBF-4FC6-BE1F-D44881D00588}"
EndProject
Global
	GlobalSection(SolutionConfigurationPlatforms) = preSolution
		Debug|Any CPU = Debug|Any CPU
		Release|Any CPU = Release|Any CPU
	EndGlobalSection
	GlobalSection(ProjectConfigurationPlatforms) = postSolution
		{A3B650DB-4FBF-4FC6-BE1F-D44881D00588}.Debug|Any CPU.ActiveCfg = Debug|Any CPU
		{A3B650DB-4FBF-4FC6-BE1F-D44881D00588}.Debug|Any CPU.Build.0 = Debug|Any CPU
		{A3B650DB-4FBF-4FC6-BE1F-D44881D00588}.Release|Any CPU.ActiveCfg = Release|Any CPU
		{A3B650DB-4FBF-4FC6-BE1F-D44881D00588}.Release|Any CPU.Build.0 = Release|Any CPU
	EndGlobalSection
	GlobalSection(SolutionProperties) = preSolution
		HideSolutionNode = FALSE
	EndGlobalSection
	GlobalSection(ExtensibilityGlobals) = postSolution
		SolutionGuid = {73E33BA4-CED8-4BB9-855D-B4A50AEB2903}
	EndGlobalSection
EndGlobal
